// !$*UTF8*$!
{
	archiveVersion = 1;
	classes = {
	};
	objectVersion = 50;
	objects = {

/* Begin PBXBuildFile section */
		458CC901210977AF00251496 /* GameCharacter.swift in Sources */ = {isa = PBXBuildFile; fileRef = 458CC900210977AF00251496 /* GameCharacter.swift */; };
		458CC90521099DC400251496 /* GameScene.xib in Resources */ = {isa = PBXBuildFile; fileRef = 458CC90421099DC400251496 /* GameScene.xib */; };
		458CC9092109C92100251496 /* Joystick.swift in Sources */ = {isa = PBXBuildFile; fileRef = 458CC9082109C92100251496 /* Joystick.swift */; };
		458CC930210B222200251496 /* camera.png in Resources */ = {isa = PBXBuildFile; fileRef = 458CC90C210B222200251496 /* camera.png */; };
		458CC931210B222200251496 /* camera@2x.png in Resources */ = {isa = PBXBuildFile; fileRef = 458CC90D210B222200251496 /* camera@2x.png */; };
		458CC932210B222200251496 /* dpad.png in Resources */ = {isa = PBXBuildFile; fileRef = 458CC90E210B222200251496 /* dpad.png */; };
		458CC933210B222200251496 /* group.png in Resources */ = {isa = PBXBuildFile; fileRef = 458CC90F210B222200251496 /* group.png */; };
		458CC934210B222200251496 /* group@2x.png in Resources */ = {isa = PBXBuildFile; fileRef = 458CC910210B222200251496 /* group@2x.png */; };
		458CC935210B222200251496 /* joystick.png in Resources */ = {isa = PBXBuildFile; fileRef = 458CC911210B222200251496 /* joystick.png */; };
		458CC936210B222200251496 /* walking.png in Resources */ = {isa = PBXBuildFile; fileRef = 458CC912210B222200251496 /* walking.png */; };
		458CC937210B222200251496 /* walking@2x.png in Resources */ = {isa = PBXBuildFile; fileRef = 458CC913210B222200251496 /* walking@2x.png */; };
		458CC938210B222200251496 /* wrench.png in Resources */ = {isa = PBXBuildFile; fileRef = 458CC914210B222200251496 /* wrench.png */; };
		458CC939210B222200251496 /* wrench@2x.png in Resources */ = {isa = PBXBuildFile; fileRef = 458CC915210B222200251496 /* wrench@2x.png */; };
		458CC93A210B222200251496 /* Sasuke.dae in Resources */ = {isa = PBXBuildFile; fileRef = 458CC918210B222200251496 /* Sasuke.dae */; };
		458CC93B210B222200251496 /* rinnegan.png in Resources */ = {isa = PBXBuildFile; fileRef = 458CC91A210B222200251496 /* rinnegan.png */; };
		458CC93C210B222200251496 /* sasuke_ntxr000.png in Resources */ = {isa = PBXBuildFile; fileRef = 458CC91B210B222200251496 /* sasuke_ntxr000.png */; };
		458CC93D210B222200251496 /* sasuke_ntxr002.png in Resources */ = {isa = PBXBuildFile; fileRef = 458CC91C210B222200251496 /* sasuke_ntxr002.png */; };
		458CC93E210B222200251496 /* Shisui.dae in Resources */ = {isa = PBXBuildFile; fileRef = 458CC91E210B222200251496 /* Shisui.dae */; };
		458CC93F210B222200251496 /* shisui_ntxr000.png in Resources */ = {isa = PBXBuildFile; fileRef = 458CC920210B222200251496 /* shisui_ntxr000.png */; };
		458CC940210B222200251496 /* shisui_ntxr004.png in Resources */ = {isa = PBXBuildFile; fileRef = 458CC921210B222200251496 /* shisui_ntxr004.png */; };
		458CC941210B222200251496 /* bluefreeze_back.jpg in Resources */ = {isa = PBXBuildFile; fileRef = 458CC924210B222200251496 /* bluefreeze_back.jpg */; };
		458CC942210B222200251496 /* bluefreeze_front.jpg in Resources */ = {isa = PBXBuildFile; fileRef = 458CC925210B222200251496 /* bluefreeze_front.jpg */; };
		458CC943210B222200251496 /* bluefreeze_left.jpg in Resources */ = {isa = PBXBuildFile; fileRef = 458CC926210B222200251496 /* bluefreeze_left.jpg */; };
		458CC944210B222200251496 /* bluefreeze_right.jpg in Resources */ = {isa = PBXBuildFile; fileRef = 458CC927210B222200251496 /* bluefreeze_right.jpg */; };
		458CC945210B222200251496 /* bluefreeze_top.jpg in Resources */ = {isa = PBXBuildFile; fileRef = 458CC928210B222200251496 /* bluefreeze_top.jpg */; };
		458CC946210B222200251496 /* sun1_back.bmp in Resources */ = {isa = PBXBuildFile; fileRef = 458CC92A210B222200251496 /* sun1_back.bmp */; };
		458CC947210B222200251496 /* sun1_bottom.bmp in Resources */ = {isa = PBXBuildFile; fileRef = 458CC92B210B222200251496 /* sun1_bottom.bmp */; };
		458CC948210B222200251496 /* sun1_front.bmp in Resources */ = {isa = PBXBuildFile; fileRef = 458CC92C210B222200251496 /* sun1_front.bmp */; };
		458CC949210B222200251496 /* sun1_left.bmp in Resources */ = {isa = PBXBuildFile; fileRef = 458CC92D210B222200251496 /* sun1_left.bmp */; };
		458CC94A210B222200251496 /* sun1_right.bmp in Resources */ = {isa = PBXBuildFile; fileRef = 458CC92E210B222200251496 /* sun1_right.bmp */; };
		458CC94B210B222200251496 /* sun1_top.bmp in Resources */ = {isa = PBXBuildFile; fileRef = 458CC92F210B222200251496 /* sun1_top.bmp */; };
		45D008CC210969690053F7B5 /* AppDelegate.swift in Sources */ = {isa = PBXBuildFile; fileRef = 45D008CB210969690053F7B5 /* AppDelegate.swift */; };
		45D008CE210969690053F7B5 /* ViewController.swift in Sources */ = {isa = PBXBuildFile; fileRef = 45D008CD210969690053F7B5 /* ViewController.swift */; };
		45D008D1210969690053F7B5 /* Main.storyboard in Resources */ = {isa = PBXBuildFile; fileRef = 45D008CF210969690053F7B5 /* Main.storyboard */; };
		45D008D32109696A0053F7B5 /* Assets.xcassets in Resources */ = {isa = PBXBuildFile; fileRef = 45D008D22109696A0053F7B5 /* Assets.xcassets */; };
		45D008D62109696A0053F7B5 /* LaunchScreen.storyboard in Resources */ = {isa = PBXBuildFile; fileRef = 45D008D42109696A0053F7B5 /* LaunchScreen.storyboard */; };
		45D008DE21096B0B0053F7B5 /* art.scnassets in Resources */ = {isa = PBXBuildFile; fileRef = 45D008DD21096B0B0053F7B5 /* art.scnassets */; };
		45D008E021096C420053F7B5 /* GameScene.swift in Sources */ = {isa = PBXBuildFile; fileRef = 45D008DF21096C420053F7B5 /* GameScene.swift */; };
/* End PBXBuildFile section */

/* Begin PBXFileReference section */
		458CC900210977AF00251496 /* GameCharacter.swift */ = {isa = PBXFileReference; lastKnownFileType = sourcecode.swift; path = GameCharacter.swift; sourceTree = "<group>"; };
		458CC90421099DC400251496 /* GameScene.xib */ = {isa = PBXFileReference; lastKnownFileType = file.xib; path = GameScene.xib; sourceTree = "<group>"; };
		458CC9082109C92100251496 /* Joystick.swift */ = {isa = PBXFileReference; lastKnownFileType = sourcecode.swift; path = Joystick.swift; sourceTree = "<group>"; };
		458CC90C210B222200251496 /* camera.png */ = {isa = PBXFileReference; lastKnownFileType = image.png; path = camera.png; sourceTree = "<group>"; };
		458CC90D210B222200251496 /* camera@2x.png */ = {isa = PBXFileReference; lastKnownFileType = image.png; path = "camera@2x.png"; sourceTree = "<group>"; };
		458CC90E210B222200251496 /* dpad.png */ = {isa = PBXFileReference; lastKnownFileType = image.png; path = dpad.png; sourceTree = "<group>"; };
		458CC90F210B222200251496 /* group.png */ = {isa = PBXFileReference; lastKnownFileType = image.png; path = group.png; sourceTree = "<group>"; };
		458CC910210B222200251496 /* group@2x.png */ = {isa = PBXFileReference; lastKnownFileType = image.png; path = "group@2x.png"; sourceTree = "<group>"; };
		458CC911210B222200251496 /* joystick.png */ = {isa = PBXFileReference; lastKnownFileType = image.png; path = joystick.png; sourceTree = "<group>"; };
		458CC912210B222200251496 /* walking.png */ = {isa = PBXFileReference; lastKnownFileType = image.png; path = walking.png; sourceTree = "<group>"; };
		458CC913210B222200251496 /* walking@2x.png */ = {isa = PBXFileReference; lastKnownFileType = image.png; path = "walking@2x.png"; sourceTree = "<group>"; };
		458CC914210B222200251496 /* wrench.png */ = {isa = PBXFileReference; lastKnownFileType = image.png; path = wrench.png; sourceTree = "<group>"; };
		458CC915210B222200251496 /* wrench@2x.png */ = {isa = PBXFileReference; lastKnownFileType = image.png; path = "wrench@2x.png"; sourceTree = "<group>"; };
		458CC918210B222200251496 /* Sasuke.dae */ = {isa = PBXFileReference; fileEncoding = 4; lastKnownFileType = text.xml.dae; path = Sasuke.dae; sourceTree = "<group>"; };
		458CC91A210B222200251496 /* rinnegan.png */ = {isa = PBXFileReference; lastKnownFileType = image.png; path = rinnegan.png; sourceTree = "<group>"; };
		458CC91B210B222200251496 /* sasuke_ntxr000.png */ = {isa = PBXFileReference; lastKnownFileType = image.png; path = sasuke_ntxr000.png; sourceTree = "<group>"; };
		458CC91C210B222200251496 /* sasuke_ntxr002.png */ = {isa = PBXFileReference; lastKnownFileType = image.png; path = sasuke_ntxr002.png; sourceTree = "<group>"; };
		458CC91E210B222200251496 /* Shisui.dae */ = {isa = PBXFileReference; fileEncoding = 4; lastKnownFileType = text.xml.dae; path = Shisui.dae; sourceTree = "<group>"; };
		458CC920210B222200251496 /* shisui_ntxr000.png */ = {isa = PBXFileReference; lastKnownFileType = image.png; path = shisui_ntxr000.png; sourceTree = "<group>"; };
		458CC921210B222200251496 /* shisui_ntxr004.png */ = {isa = PBXFileReference; lastKnownFileType = image.png; path = shisui_ntxr004.png; sourceTree = "<group>"; };
		458CC924210B222200251496 /* bluefreeze_back.jpg */ = {isa = PBXFileReference; lastKnownFileType = image.jpeg; path = bluefreeze_back.jpg; sourceTree = "<group>"; };
		458CC925210B222200251496 /* bluefreeze_front.jpg */ = {isa = PBXFileReference; lastKnownFileType = image.jpeg; path = bluefreeze_front.jpg; sourceTree = "<group>"; };
		458CC926210B222200251496 /* bluefreeze_left.jpg */ = {isa = PBXFileReference; lastKnownFileType = image.jpeg; path = bluefreeze_left.jpg; sourceTree = "<group>"; };
		458CC927210B222200251496 /* bluefreeze_right.jpg */ = {isa = PBXFileReference; lastKnownFileType = image.jpeg; path = bluefreeze_right.jpg; sourceTree = "<group>"; };
		458CC928210B222200251496 /* bluefreeze_top.jpg */ = {isa = PBXFileReference; lastKnownFileType = image.jpeg; path = bluefreeze_top.jpg; sourceTree = "<group>"; };
		458CC92A210B222200251496 /* sun1_back.bmp */ = {isa = PBXFileReference; lastKnownFileType = image.bmp; path = sun1_back.bmp; sourceTree = "<group>"; };
		458CC92B210B222200251496 /* sun1_bottom.bmp */ = {isa = PBXFileReference; lastKnownFileType = image.bmp; path = sun1_bottom.bmp; sourceTree = "<group>"; };
		458CC92C210B222200251496 /* sun1_front.bmp */ = {isa = PBXFileReference; lastKnownFileType = image.bmp; path = sun1_front.bmp; sourceTree = "<group>"; };
		458CC92D210B222200251496 /* sun1_left.bmp */ = {isa = PBXFileReference; lastKnownFileType = image.bmp; path = sun1_left.bmp; sourceTree = "<group>"; };
		458CC92E210B222200251496 /* sun1_right.bmp */ = {isa = PBXFileReference; lastKnownFileType = image.bmp; path = sun1_right.bmp; sourceTree = "<group>"; };
		458CC92F210B222200251496 /* sun1_top.bmp */ = {isa = PBXFileReference; lastKnownFileType = image.bmp; path = sun1_top.bmp; sourceTree = "<group>"; };
		45D008C8210969690053F7B5 /* xxk.app */ = {isa = PBXFileReference; explicitFileType = wrapper.application; includeInIndex = 0; path = xxk.app; sourceTree = BUILT_PRODUCTS_DIR; };
		45D008CB210969690053F7B5 /* AppDelegate.swift */ = {isa = PBXFileReference; lastKnownFileType = sourcecode.swift; path = AppDelegate.swift; sourceTree = "<group>"; };
		45D008CD210969690053F7B5 /* ViewController.swift */ = {isa = PBXFileReference; lastKnownFileType = sourcecode.swift; path = ViewController.swift; sourceTree = "<group>"; };
		45D008D0210969690053F7B5 /* Base */ = {isa = PBXFileReference; lastKnownFileType = file.storyboard; name = Base; path = Base.lproj/Main.storyboard; sourceTree = "<group>"; };
		45D008D22109696A0053F7B5 /* Assets.xcassets */ = {isa = PBXFileReference; lastKnownFileType = folder.assetcatalog; path = Assets.xcassets; sourceTree = "<group>"; };
		45D008D52109696A0053F7B5 /* Base */ = {isa = PBXFileReference; lastKnownFileType = file.storyboard; name = Base; path = Base.lproj/LaunchScreen.storyboard; sourceTree = "<group>"; };
		45D008D72109696A0053F7B5 /* Info.plist */ = {isa = PBXFileReference; lastKnownFileType = text.plist.xml; path = Info.plist; sourceTree = "<group>"; };
		45D008DD21096B0B0053F7B5 /* art.scnassets */ = {isa = PBXFileReference; lastKnownFileType = wrapper.scnassets; path = art.scnassets; sourceTree = "<group>"; };
		45D008DF21096C420053F7B5 /* GameScene.swift */ = {isa = PBXFileReference; lastKnownFileType = sourcecode.swift; path = GameScene.swift; sourceTree = "<group>"; };
/* End PBXFileReference section */

/* Begin PBXFrameworksBuildPhase section */
		45D008C5210969690053F7B5 /* Frameworks */ = {
			isa = PBXFrameworksBuildPhase;
			buildActionMask = 2147483647;
			files = (
			);
			runOnlyForDeploymentPostprocessing = 0;
		};
/* End PBXFrameworksBuildPhase section */

/* Begin PBXGroup section */
		458CC90A210B222200251496 /* Resources */ = {
			isa = PBXGroup;
			children = (
				458CC90B210B222200251496 /* Images */,
				458CC916210B222200251496 /* Models */,
				458CC922210B222200251496 /* Skyboxes */,
			);
			path = Resources;
			sourceTree = "<group>";
		};
		458CC90B210B222200251496 /* Images */ = {
			isa = PBXGroup;
			children = (
				458CC90E210B222200251496 /* dpad.png */,
				458CC911210B222200251496 /* joystick.png */,
				458CC90C210B222200251496 /* camera.png */,
				458CC90D210B222200251496 /* camera@2x.png */,
				458CC90F210B222200251496 /* group.png */,
				458CC910210B222200251496 /* group@2x.png */,
				458CC912210B222200251496 /* walking.png */,
				458CC913210B222200251496 /* walking@2x.png */,
				458CC914210B222200251496 /* wrench.png */,
				458CC915210B222200251496 /* wrench@2x.png */,
			);
			path = Images;
			sourceTree = "<group>";
		};
		458CC916210B222200251496 /* Models */ = {
			isa = PBXGroup;
			children = (
				458CC917210B222200251496 /* Sasuke */,
				458CC91D210B222200251496 /* shisui */,
			);
			path = Models;
			sourceTree = "<group>";
		};
		458CC917210B222200251496 /* Sasuke */ = {
			isa = PBXGroup;
			children = (
				458CC918210B222200251496 /* Sasuke.dae */,
				458CC919210B222200251496 /* textures */,
			);
			path = Sasuke;
			sourceTree = "<group>";
		};
		458CC919210B222200251496 /* textures */ = {
			isa = PBXGroup;
			children = (
				458CC91A210B222200251496 /* rinnegan.png */,
				458CC91B210B222200251496 /* sasuke_ntxr000.png */,
				458CC91C210B222200251496 /* sasuke_ntxr002.png */,
			);
			path = textures;
			sourceTree = "<group>";
		};
		458CC91D210B222200251496 /* shisui */ = {
			isa = PBXGroup;
			children = (
				458CC91E210B222200251496 /* Shisui.dae */,
				458CC91F210B222200251496 /* textures */,
			);
			path = shisui;
			sourceTree = "<group>";
		};
		458CC91F210B222200251496 /* textures */ = {
			isa = PBXGroup;
			children = (
				458CC920210B222200251496 /* shisui_ntxr000.png */,
				458CC921210B222200251496 /* shisui_ntxr004.png */,
			);
			path = textures;
			sourceTree = "<group>";
		};
		458CC922210B222200251496 /* Skyboxes */ = {
			isa = PBXGroup;
			children = (
				458CC923210B222200251496 /* BlueeFreeze */,
				458CC929210B222200251496 /* Sun1 */,
			);
			path = Skyboxes;
			sourceTree = "<group>";
		};
		458CC923210B222200251496 /* BlueeFreeze */ = {
			isa = PBXGroup;
			children = (
				458CC924210B222200251496 /* bluefreeze_back.jpg */,
				458CC925210B222200251496 /* bluefreeze_front.jpg */,
				458CC926210B222200251496 /* bluefreeze_left.jpg */,
				458CC927210B222200251496 /* bluefreeze_right.jpg */,
				458CC928210B222200251496 /* bluefreeze_top.jpg */,
			);
			path = BlueeFreeze;
			sourceTree = "<group>";
		};
		458CC929210B222200251496 /* Sun1 */ = {
			isa = PBXGroup;
			children = (
				458CC92A210B222200251496 /* sun1_back.bmp */,
				458CC92B210B222200251496 /* sun1_bottom.bmp */,
				458CC92C210B222200251496 /* sun1_front.bmp */,
				458CC92D210B222200251496 /* sun1_left.bmp */,
				458CC92E210B222200251496 /* sun1_right.bmp */,
				458CC92F210B222200251496 /* sun1_top.bmp */,
			);
			path = Sun1;
			sourceTree = "<group>";
		};
		45D008BF210969690053F7B5 = {
			isa = PBXGroup;
			children = (
				45D008CA210969690053F7B5 /* xxk */,
				45D008C9210969690053F7B5 /* Products */,
			);
			sourceTree = "<group>";
		};
		45D008C9210969690053F7B5 /* Products */ = {
			isa = PBXGroup;
			children = (
				45D008C8210969690053F7B5 /* xxk.app */,
			);
			name = Products;
			sourceTree = "<group>";
		};
		45D008CA210969690053F7B5 /* xxk */ = {
			isa = PBXGroup;
			children = (
				458CC90A210B222200251496 /* Resources */,
				45D008DD21096B0B0053F7B5 /* art.scnassets */,
				45D008CB210969690053F7B5 /* AppDelegate.swift */,
				45D008CD210969690053F7B5 /* ViewController.swift */,
				45D008CF210969690053F7B5 /* Main.storyboard */,
				45D008DF21096C420053F7B5 /* GameScene.swift */,
				458CC90421099DC400251496 /* GameScene.xib */,
				458CC900210977AF00251496 /* GameCharacter.swift */,
				458CC9082109C92100251496 /* Joystick.swift */,
				45D008D22109696A0053F7B5 /* Assets.xcassets */,
				45D008D42109696A0053F7B5 /* LaunchScreen.storyboard */,
				45D008D72109696A0053F7B5 /* Info.plist */,
			);
			path = xxk;
			sourceTree = "<group>";
		};
/* End PBXGroup section */

/* Begin PBXNativeTarget section */
		45D008C7210969690053F7B5 /* xxk */ = {
			isa = PBXNativeTarget;
			buildConfigurationList = 45D008DA2109696A0053F7B5 /* Build configuration list for PBXNativeTarget "xxk" */;
			buildPhases = (
				45D008C4210969690053F7B5 /* Sources */,
				45D008C5210969690053F7B5 /* Frameworks */,
				45D008C6210969690053F7B5 /* Resources */,
			);
			buildRules = (
			);
			dependencies = (
			);
			name = xxk;
			productName = xxk;
			productReference = 45D008C8210969690053F7B5 /* xxk.app */;
			productType = "com.apple.product-type.application";
		};
/* End PBXNativeTarget section */

/* Begin PBXProject section */
		45D008C0210969690053F7B5 /* Project object */ = {
			isa = PBXProject;
			attributes = {
				LastSwiftUpdateCheck = 1000;
				LastUpgradeCheck = 1000;
				ORGANIZATIONNAME = xxk;
				TargetAttributes = {
					45D008C7210969690053F7B5 = {
						CreatedOnToolsVersion = 10.0;
					};
				};
			};
			buildConfigurationList = 45D008C3210969690053F7B5 /* Build configuration list for PBXProject "xxk" */;
			compatibilityVersion = "Xcode 9.3";
			developmentRegion = en;
			hasScannedForEncodings = 0;
			knownRegions = (
				en,
				Base,
			);
			mainGroup = 45D008BF210969690053F7B5;
			productRefGroup = 45D008C9210969690053F7B5 /* Products */;
			projectDirPath = "";
			projectRoot = "";
			targets = (
				45D008C7210969690053F7B5 /* xxk */,
			);
		};
/* End PBXProject section */

/* Begin PBXResourcesBuildPhase section */
		45D008C6210969690053F7B5 /* Resources */ = {
			isa = PBXResourcesBuildPhase;
			buildActionMask = 2147483647;
			files = (
				458CC93F210B222200251496 /* shisui_ntxr000.png in Resources */,
				458CC945210B222200251496 /* bluefreeze_top.jpg in Resources */,
				458CC947210B222200251496 /* sun1_bottom.bmp in Resources */,
				45D008D62109696A0053F7B5 /* LaunchScreen.storyboard in Resources */,
				45D008DE21096B0B0053F7B5 /* art.scnassets in Resources */,
				458CC941210B222200251496 /* bluefreeze_back.jpg in Resources */,
				458CC942210B222200251496 /* bluefreeze_front.jpg in Resources */,
				458CC93C210B222200251496 /* sasuke_ntxr000.png in Resources */,
				458CC94B210B222200251496 /* sun1_top.bmp in Resources */,
				458CC935210B222200251496 /* joystick.png in Resources */,
				45D008D32109696A0053F7B5 /* Assets.xcassets in Resources */,
				458CC939210B222200251496 /* wrench@2x.png in Resources */,
				458CC944210B222200251496 /* bluefreeze_right.jpg in Resources */,
				458CC933210B222200251496 /* group.png in Resources */,
				458CC937210B222200251496 /* walking@2x.png in Resources */,
				458CC90521099DC400251496 /* GameScene.xib in Resources */,
				458CC932210B222200251496 /* dpad.png in Resources */,
				458CC949210B222200251496 /* sun1_left.bmp in Resources */,
				458CC948210B222200251496 /* sun1_front.bmp in Resources */,
				458CC938210B222200251496 /* wrench.png in Resources */,
				458CC936210B222200251496 /* walking.png in Resources */,
				458CC940210B222200251496 /* shisui_ntxr004.png in Resources */,
				458CC931210B222200251496 /* camera@2x.png in Resources */,
				458CC930210B222200251496 /* camera.png in Resources */,
				458CC934210B222200251496 /* group@2x.png in Resources */,
				458CC93B210B222200251496 /* rinnegan.png in Resources */,
				458CC93A210B222200251496 /* Sasuke.dae in Resources */,
				45D008D1210969690053F7B5 /* Main.storyboard in Resources */,
				458CC93D210B222200251496 /* sasuke_ntxr002.png in Resources */,
				458CC946210B222200251496 /* sun1_back.bmp in Resources */,
				458CC943210B222200251496 /* bluefreeze_left.jpg in Resources */,
				458CC93E210B222200251496 /* Shisui.dae in Resources */,
				458CC94A210B222200251496 /* sun1_right.bmp in Resources */,
			);
			runOnlyForDeploymentPostprocessing = 0;
		};
/* End PBXResourcesBuildPhase section */

/* Begin PBXSourcesBuildPhase section */
		45D008C4210969690053F7B5 /* Sources */ = {
			isa = PBXSourcesBuildPhase;
			buildActionMask = 2147483647;
			files = (
				45D008E021096C420053F7B5 /* GameScene.swift in Sources */,
				458CC901210977AF00251496 /* GameCharacter.swift in Sources */,
				458CC9092109C92100251496 /* Joystick.swift in Sources */,
				45D008CE210969690053F7B5 /* ViewController.swift in Sources */,
				45D008CC210969690053F7B5 /* AppDelegate.swift in Sources */,
			);
			runOnlyForDeploymentPostprocessing = 0;
		};
/* End PBXSourcesBuildPhase section */

/* Begin PBXVariantGroup section */
		45D008CF210969690053F7B5 /* Main.storyboard */ = {
			isa = PBXVariantGroup;
			children = (
				45D008D0210969690053F7B5 /* Base */,
			);
			name = Main.storyboard;
			sourceTree = "<group>";
		};
		45D008D42109696A0053F7B5 /* LaunchScreen.storyboard */ = {
			isa = PBXVariantGroup;
			children = (
				45D008D52109696A0053F7B5 /* Base */,
			);
			name = LaunchScreen.storyboard;
			sourceTree = "<group>";
		};
/* End PBXVariantGroup section */

/* Begin XCBuildConfiguration section */
		45D008D82109696A0053F7B5 /* Debug */ = {
			isa = XCBuildConfiguration;
			buildSettings = {
				ALWAYS_SEARCH_USER_PATHS = NO;
				CLANG_ANALYZER_NONNULL = YES;
				CLANG_ANALYZER_NUMBER_OBJECT_CONVERSION = YES_AGGRESSIVE;
				CLANG_CXX_LANGUAGE_STANDARD = "gnu++14";
				CLANG_CXX_LIBRARY = "libc++";
				CLANG_ENABLE_MODULES = YES;
				CLANG_ENABLE_OBJC_ARC = YES;
				CLANG_ENABLE_OBJC_WEAK = YES;
				CLANG_WARN_BLOCK_CAPTURE_AUTORELEASING = YES;
				CLANG_WARN_BOOL_CONVERSION = YES;
				CLANG_WARN_COMMA = YES;
				CLANG_WARN_CONSTANT_CONVERSION = YES;
				CLANG_WARN_DEPRECATED_OBJC_IMPLEMENTATIONS = YES;
				CLANG_WARN_DIRECT_OBJC_ISA_USAGE = YES_ERROR;
				CLANG_WARN_DOCUMENTATION_COMMENTS = YES;
				CLANG_WARN_EMPTY_BODY = YES;
				CLANG_WARN_ENUM_CONVERSION = YES;
				CLANG_WARN_INFINITE_RECURSION = YES;
				CLANG_WARN_INT_CONVERSION = YES;
				CLANG_WARN_NON_LITERAL_NULL_CONVERSION = YES;
				CLANG_WARN_OBJC_IMPLICIT_RETAIN_SELF = YES;
				CLANG_WARN_OBJC_LITERAL_CONVERSION = YES;
				CLANG_WARN_OBJC_ROOT_CLASS = YES_ERROR;
				CLANG_WARN_RANGE_LOOP_ANALYSIS = YES;
				CLANG_WARN_STRICT_PROTOTYPES = YES;
				CLANG_WARN_SUSPICIOUS_MOVE = YES;
				CLANG_WARN_UNGUARDED_AVAILABILITY = YES_AGGRESSIVE;
				CLANG_WARN_UNREACHABLE_CODE = YES;
				CLANG_WARN__DUPLICATE_METHOD_MATCH = YES;
				CODE_SIGN_IDENTITY = "iPhone Developer";
				COPY_PHASE_STRIP = NO;
				DEBUG_INFORMATION_FORMAT = dwarf;
				ENABLE_STRICT_OBJC_MSGSEND = YES;
				ENABLE_TESTABILITY = YES;
				GCC_C_LANGUAGE_STANDARD = gnu11;
				GCC_DYNAMIC_NO_PIC = NO;
				GCC_NO_COMMON_BLOCKS = YES;
				GCC_OPTIMIZATION_LEVEL = 0;
				GCC_PREPROCESSOR_DEFINITIONS = (
					"DEBUG=1",
					"$(inherited)",
				);
				GCC_WARN_64_TO_32_BIT_CONVERSION = YES;
				GCC_WARN_ABOUT_RETURN_TYPE = YES_ERROR;
				GCC_WARN_UNDECLARED_SELECTOR = YES;
				GCC_WARN_UNINITIALIZED_AUTOS = YES_AGGRESSIVE;
				GCC_WARN_UNUSED_FUNCTION = YES;
				GCC_WARN_UNUSED_VARIABLE = YES;
				IPHONEOS_DEPLOYMENT_TARGET = 12.0;
				MTL_ENABLE_DEBUG_INFO = INCLUDE_SOURCE;
				MTL_FAST_MATH = YES;
				ONLY_ACTIVE_ARCH = YES;
				SDKROOT = iphoneos;
				SWIFT_ACTIVE_COMPILATION_CONDITIONS = DEBUG;
				SWIFT_OPTIMIZATION_LEVEL = "-Onone";
			};
			name = Debug;
		};
		45D008D92109696A0053F7B5 /* Release */ = {
			isa = XCBuildConfiguration;
			buildSettings = {
				ALWAYS_SEARCH_USER_PATHS = NO;
				CLANG_ANALYZER_NONNULL = YES;
				CLANG_ANALYZER_NUMBER_OBJECT_CONVERSION = YES_AGGRESSIVE;
				CLANG_CXX_LANGUAGE_STANDARD = "gnu++14";
				CLANG_CXX_LIBRARY = "libc++";
				CLANG_ENABLE_MODULES = YES;
				CLANG_ENABLE_OBJC_ARC = YES;
				CLANG_ENABLE_OBJC_WEAK = YES;
				CLANG_WARN_BLOCK_CAPTURE_AUTORELEASING = YES;
				CLANG_WARN_BOOL_CONVERSION = YES;
				CLANG_WARN_COMMA = YES;
				CLANG_WARN_CONSTANT_CONVERSION = YES;
				CLANG_WARN_DEPRECATED_OBJC_IMPLEMENTATIONS = YES;
				CLANG_WARN_DIRECT_OBJC_ISA_USAGE = YES_ERROR;
				CLANG_WARN_DOCUMENTATION_COMMENTS = YES;
				CLANG_WARN_EMPTY_BODY = YES;
				CLANG_WARN_ENUM_CONVERSION = YES;
				CLANG_WARN_INFINITE_RECURSION = YES;
				CLANG_WARN_INT_CONVERSION = YES;
				CLANG_WARN_NON_LITERAL_NULL_CONVERSION = YES;
				CLANG_WARN_OBJC_IMPLICIT_RETAIN_SELF = YES;
				CLANG_WARN_OBJC_LITERAL_CONVERSION = YES;
				CLANG_WARN_OBJC_ROOT_CLASS = YES_ERROR;
				CLANG_WARN_RANGE_LOOP_ANALYSIS = YES;
				CLANG_WARN_STRICT_PROTOTYPES = YES;
				CLANG_WARN_SUSPICIOUS_MOVE = YES;
				CLANG_WARN_UNGUARDED_AVAILABILITY = YES_AGGRESSIVE;
				CLANG_WARN_UNREACHABLE_CODE = YES;
				CLANG_WARN__DUPLICATE_METHOD_MATCH = YES;
				CODE_SIGN_IDENTITY = "iPhone Developer";
				COPY_PHASE_STRIP = NO;
				DEBUG_INFORMATION_FORMAT = "dwarf-with-dsym";
				ENABLE_NS_ASSERTIONS = NO;
				ENABLE_STRICT_OBJC_MSGSEND = YES;
				GCC_C_LANGUAGE_STANDARD = gnu11;
				GCC_NO_COMMON_BLOCKS = YES;
				GCC_WARN_64_TO_32_BIT_CONVERSION = YES;
				GCC_WARN_ABOUT_RETURN_TYPE = YES_ERROR;
				GCC_WARN_UNDECLARED_SELECTOR = YES;
				GCC_WARN_UNINITIALIZED_AUTOS = YES_AGGRESSIVE;
				GCC_WARN_UNUSED_FUNCTION = YES;
				GCC_WARN_UNUSED_VARIABLE = YES;
				IPHONEOS_DEPLOYMENT_TARGET = 12.0;
				MTL_ENABLE_DEBUG_INFO = NO;
				MTL_FAST_MATH = YES;
				SDKROOT = iphoneos;
				SWIFT_COMPILATION_MODE = wholemodule;
				SWIFT_OPTIMIZATION_LEVEL = "-O";
				VALIDATE_PRODUCT = YES;
			};
			name = Release;
		};
		45D008DB2109696A0053F7B5 /* Debug */ = {
			isa = XCBuildConfiguration;
			buildSettings = {
				ASSETCATALOG_COMPILER_APPICON_NAME = AppIcon;
				CODE_SIGN_STYLE = Automatic;
				DEVELOPMENT_TEAM = WGX7CRRVZ2;
				INFOPLIST_FILE = xxk/Info.plist;
				IPHONEOS_DEPLOYMENT_TARGET = 9.0;
				LD_RUNPATH_SEARCH_PATHS = (
					"$(inherited)",
					"@executable_path/Frameworks",
				);
				PRODUCT_BUNDLE_IDENTIFIER = com.px.px;
				PRODUCT_NAME = "$(TARGET_NAME)";
				SWIFT_VERSION = 4.2;
				TARGETED_DEVICE_FAMILY = 1;
			};
			name = Debug;
		};
		45D008DC2109696A0053F7B5 /* Release */ = {
			isa = XCBuildConfiguration;
			buildSettings = {
				ASSETCATALOG_COMPILER_APPICON_NAME = AppIcon;
				CODE_SIGN_STYLE = Automatic;
				DEVELOPMENT_TEAM = WGX7CRRVZ2;
				INFOPLIST_FILE = xxk/Info.plist;
				IPHONEOS_DEPLOYMENT_TARGET = 9.0;
				LD_RUNPATH_SEARCH_PATHS = (
					"$(inherited)",
					"@executable_path/Frameworks",
				);
				PRODUCT_BUNDLE_IDENTIFIER = com.px.px;
				PRODUCT_NAME = "$(TARGET_NAME)";
				SWIFT_VERSION = 4.2;
				TARGETED_DEVICE_FAMILY = 1;
			};
			name = Release;
		};
/* End XCBuildConfiguration section */

/* Begin XCConfigurationList section */
		45D008C3210969690053F7B5 /* Build configuration list for PBXProject "xxk" */ = {
			isa = XCConfigurationList;
			buildConfigurations = (
				45D008D82109696A0053F7B5 /* Debug */,
				45D008D92109696A0053F7B5 /* Release */,
			);
			defaultConfigurationIsVisible = 0;
			defaultConfigurationName = Release;
		};
		45D008DA2109696A0053F7B5 /* Build configuration list for PBXNativeTarget "xxk" */ = {
			isa = XCConfigurationList;
			buildConfigurations = (
				45D008DB2109696A0053F7B5 /* Debug */,
				45D008DC2109696A0053F7B5 /* Release */,
			);
			defaultConfigurationIsVisible = 0;
			defaultConfigurationName = Release;
		};
/* End XCConfigurationList section */
	};
	rootObject = 45D008C0210969690053F7B5 /* Project object */;
}
